
Microsoft Visual Studio Solution File, Format Version 12.00
# Visual Studio Version 17
VisualStudioVersion = 17.13.35919.96 d17.13
MinimumVisualStudioVersion = 10.0.40219.1
Project("{FAE04EC0-301F-11D3-BF4B-00C04F79EFBC}") = "GameNinjaSchool_GK", "GameNinjaSchool_GK.csproj", "{B955403B-A158-4255-A2E6-4E6EE1F69F06}"
EndProject
Global
	GlobalSection(SolutionConfigurationPlatforms) = preSolution
		Debug|Any CPU = Debug|Any CPU
		Release|Any CPU = Release|Any CPU
	EndGlobalSection
	GlobalSection(ProjectConfigurationPlatforms) = postSolution
		{B955403B-A158-4255-A2E6-4E6EE1F69F06}.Debug|Any CPU.ActiveCfg = Debug|Any CPU
		{B955403B-A158-4255-A2E6-4E6EE1F69F06}.Debug|Any CPU.Build.0 = Debug|Any CPU
		{B955403B-A158-4255-A2E6-4E6EE1F69F06}.Release|Any CPU.ActiveCfg = Release|Any CPU
		{B955403B-A158-4255-A2E6-4E6EE1F69F06}.Release|Any CPU.Build.0 = Release|Any CPU
	EndGlobalSection
	GlobalSection(SolutionProperties) = preSolution
		HideSolutionNode = FALSE
	EndGlobalSection
	GlobalSection(ExtensibilityGlobals) = postSolution
		SolutionGuid = {3B163511-E0BF-4C10-BB9B-F9B4AB373254}
	EndGlobalSection
EndGlobal
